
Microsoft Visual Studio Solution File, Format Version 12.00
# Visual Studio 2013
VisualStudioVersion = 12.0.30723.0
MinimumVisualStudioVersion = 10.0.40219.1
Project("{FAE04EC0-301F-11D3-BF4B-00C04F79EFBC}") = "Fresh.Voice", "Fresh.Voice\Fresh.Voice.csproj", "{640E0231-613A-488F-944E-FCCF09CBBFF6}"
EndProject
Project("{2150E333-8FDC-42A3-9474-1A3956D46DE8}") = "PublishScripts", "PublishScripts", "{6B91D495-A873-4513-A158-5DAE6225AC89}"
	ProjectSection(SolutionItems) = preProject
		PublishScripts\AzureWebsitePublishModule.psm1 = PublishScripts\AzureWebsitePublishModule.psm1
		PublishScripts\Publish-WebApplicationWebsite.ps1 = PublishScripts\Publish-WebApplicationWebsite.ps1
	EndProjectSection
EndProject
Project("{2150E333-8FDC-42A3-9474-1A3956D46DE8}") = "Configurations", "Configurations", "{3976B633-CC29-47B1-B3B1-EBC361027063}"
	ProjectSection(SolutionItems) = preProject
		PublishScripts\Configurations\FreshVoice-WAWS-dev.json = PublishScripts\Configurations\FreshVoice-WAWS-dev.json
	EndProjectSection
EndProject
Global
	GlobalSection(SolutionConfigurationPlatforms) = preSolution
		Debug|Any CPU = Debug|Any CPU
		Release|Any CPU = Release|Any CPU
	EndGlobalSection
	GlobalSection(ProjectConfigurationPlatforms) = postSolution
		{640E0231-613A-488F-944E-FCCF09CBBFF6}.Debug|Any CPU.ActiveCfg = Debug|Any CPU
		{640E0231-613A-488F-944E-FCCF09CBBFF6}.Debug|Any CPU.Build.0 = Debug|Any CPU
		{640E0231-613A-488F-944E-FCCF09CBBFF6}.Release|Any CPU.ActiveCfg = Release|Any CPU
		{640E0231-613A-488F-944E-FCCF09CBBFF6}.Release|Any CPU.Build.0 = Release|Any CPU
	EndGlobalSection
	GlobalSection(SolutionProperties) = preSolution
		HideSolutionNode = FALSE
	EndGlobalSection
	GlobalSection(NestedProjects) = preSolution
		{3976B633-CC29-47B1-B3B1-EBC361027063} = {6B91D495-A873-4513-A158-5DAE6225AC89}
	EndGlobalSection
EndGlobal
